
Microsoft Visual Studio Solution File, Format Version 12.00
# Visual Studio Version 16
VisualStudioVersion = 16.0.31424.327
MinimumVisualStudioVersion = 10.0.40219.1
Project("{FAE04EC0-301F-11D3-BF4B-00C04F79EFBC}") = "Movie Booking", "Movie Booking\Movie Booking.csproj", "{0FD7EA1E-19DB-41EF-976C-F78859E6667A}"
EndProject
Global
	GlobalSection(SolutionConfigurationPlatforms) = preSolution
		Debug|Any CPU = Debug|Any CPU
		Release|Any CPU = Release|Any CPU
	EndGlobalSection
	GlobalSection(ProjectConfigurationPlatforms) = postSolution
		{0FD7EA1E-19DB-41EF-976C-F78859E6667A}.Debug|Any CPU.ActiveCfg = Debug|Any CPU
		{0FD7EA1E-19DB-41EF-976C-F78859E6667A}.Debug|Any CPU.Build.0 = Debug|Any CPU
		{0FD7EA1E-19DB-41EF-976C-F78859E6667A}.Release|Any CPU.ActiveCfg = Release|Any CPU
		{0FD7EA1E-19DB-41EF-976C-F78859E6667A}.Release|Any CPU.Build.0 = Release|Any CPU
	EndGlobalSection
	GlobalSection(SolutionProperties) = preSolution
		HideSolutionNode = FALSE
	EndGlobalSection
	GlobalSection(ExtensibilityGlobals) = postSolution
		SolutionGuid = {C2BB11B5-DA99-4A68-B976-302D65EFD4A0}
	EndGlobalSection
EndGlobal
